
Microsoft Visual Studio Solution File, Format Version 12.00
# Visual Studio Version 16
VisualStudioVersion = 16.0.30503.244
MinimumVisualStudioVersion = 10.0.40219.1
Project("{9A19103F-16F7-4668-BE54-9A1E7A4F7556}") = "WebServer", "WebServer\WebServer.csproj", "{F74F585F-4D64-4B62-ACFD-8D770797C418}"
EndProject
Project("{9A19103F-16F7-4668-BE54-9A1E7A4F7556}") = "UserManagement", "UserManagement\UserManagement.csproj", "{04D46C22-7EA8-4CA4-B941-11289BB0F7BC}"
EndProject
Global
	GlobalSection(SolutionConfigurationPlatforms) = preSolution
		Debug|Any CPU = Debug|Any CPU
		Release|Any CPU = Release|Any CPU
	EndGlobalSection
	GlobalSection(ProjectConfigurationPlatforms) = postSolution
		{F74F585F-4D64-4B62-ACFD-8D770797C418}.Debug|Any CPU.ActiveCfg = Debug|Any CPU
		{F74F585F-4D64-4B62-ACFD-8D770797C418}.Debug|Any CPU.Build.0 = Debug|Any CPU
		{F74F585F-4D64-4B62-ACFD-8D770797C418}.Release|Any CPU.ActiveCfg = Release|Any CPU
		{F74F585F-4D64-4B62-ACFD-8D770797C418}.Release|Any CPU.Build.0 = Release|Any CPU
		{04D46C22-7EA8-4CA4-B941-11289BB0F7BC}.Debug|Any CPU.ActiveCfg = Debug|Any CPU
		{04D46C22-7EA8-4CA4-B941-11289BB0F7BC}.Debug|Any CPU.Build.0 = Debug|Any CPU
		{04D46C22-7EA8-4CA4-B941-11289BB0F7BC}.Release|Any CPU.ActiveCfg = Release|Any CPU
		{04D46C22-7EA8-4CA4-B941-11289BB0F7BC}.Release|Any CPU.Build.0 = Release|Any CPU
	EndGlobalSection
	GlobalSection(SolutionProperties) = preSolution
		HideSolutionNode = FALSE
	EndGlobalSection
	GlobalSection(ExtensibilityGlobals) = postSolution
		SolutionGuid = {730FA43A-DCE1-4996-A0BA-6407D4C97693}
	EndGlobalSection
EndGlobal
